
Microsoft Visual Studio Solution File, Format Version 12.00
# Visual Studio Version 16
VisualStudioVersion = 16.0.29728.190
MinimumVisualStudioVersion = 10.0.40219.1
Project("{FAE04EC0-301F-11D3-BF4B-00C04F79EFBC}") = "DB_CardBattle", "DB_CardBattle\DB_CardBattle.csproj", "{8FA2A992-16AA-4FAC-A6D1-850C6015B336}"
EndProject
Global
	GlobalSection(SolutionConfigurationPlatforms) = preSolution
		Debug|Any CPU = Debug|Any CPU
		Release|Any CPU = Release|Any CPU
	EndGlobalSection
	GlobalSection(ProjectConfigurationPlatforms) = postSolution
		{8FA2A992-16AA-4FAC-A6D1-850C6015B336}.Debug|Any CPU.ActiveCfg = Debug|Any CPU
		{8FA2A992-16AA-4FAC-A6D1-850C6015B336}.Debug|Any CPU.Build.0 = Debug|Any CPU
		{8FA2A992-16AA-4FAC-A6D1-850C6015B336}.Release|Any CPU.ActiveCfg = Release|Any CPU
		{8FA2A992-16AA-4FAC-A6D1-850C6015B336}.Release|Any CPU.Build.0 = Release|Any CPU
	EndGlobalSection
	GlobalSection(SolutionProperties) = preSolution
		HideSolutionNode = FALSE
	EndGlobalSection
	GlobalSection(ExtensibilityGlobals) = postSolution
		SolutionGuid = {D96A33A1-AAD8-4161-AF01-62E845624CDD}
	EndGlobalSection
EndGlobal
